// !$*UTF8*$!
{
	archiveVersion = 1;
	classes = {
	};
	objectVersion = 51;
	objects = {

/* Begin PBXBuildFile section */
		647B934A2383AF9500013CE9 /* AppDelegate.swift in Sources */ = {isa = PBXBuildFile; fileRef = 647B93492383AF9500013CE9 /* AppDelegate.swift */; };
		647B934C2383AF9500013CE9 /* SceneDelegate.swift in Sources */ = {isa = PBXBuildFile; fileRef = 647B934B2383AF9500013CE9 /* SceneDelegate.swift */; };
		647B934E2383AF9500013CE9 /* ViewController.swift in Sources */ = {isa = PBXBuildFile; fileRef = 647B934D2383AF9500013CE9 /* ViewController.swift */; };
		647B93512383AF9500013CE9 /* Main.storyboard in Resources */ = {isa = PBXBuildFile; fileRef = 647B934F2383AF9500013CE9 /* Main.storyboard */; };
		647B93532383AF9700013CE9 /* Assets.xcassets in Resources */ = {isa = PBXBuildFile; fileRef = 647B93522383AF9700013CE9 /* Assets.xcassets */; };
		647B93562383AF9700013CE9 /* LaunchScreen.storyboard in Resources */ = {isa = PBXBuildFile; fileRef = 647B93542383AF9700013CE9 /* LaunchScreen.storyboard */; };
		647B935E2383C02D00013CE9 /* HistoricData.swift in Sources */ = {isa = PBXBuildFile; fileRef = 647B935D2383C02D00013CE9 /* HistoricData.swift */; };
		647B93602383C0BB00013CE9 /* EventViewController.swift in Sources */ = {isa = PBXBuildFile; fileRef = 647B935F2383C0BB00013CE9 /* EventViewController.swift */; };
		A3DD4E15F118C53A7341F6B0 /* Pods_BackwardInTime.framework in Frameworks */ = {isa = PBXBuildFile; fileRef = 7DC28E18273025F4960A8E3E /* Pods_BackwardInTime.framework */; };
/* End PBXBuildFile section */

/* Begin PBXFileReference section */
		09D5F16C5A149EB1285DCD8D /* Pods-BackwardInTime.release.xcconfig */ = {isa = PBXFileReference; includeInIndex = 1; lastKnownFileType = text.xcconfig; name = "Pods-BackwardInTime.release.xcconfig"; path = "Target Support Files/Pods-BackwardInTime/Pods-BackwardInTime.release.xcconfig"; sourceTree = "<group>"; };
		647B93462383AF9500013CE9 /* BackwardInTime.app */ = {isa = PBXFileReference; explicitFileType = wrapper.application; includeInIndex = 0; path = BackwardInTime.app; sourceTree = BUILT_PRODUCTS_DIR; };
		647B93492383AF9500013CE9 /* AppDelegate.swift */ = {isa = PBXFileReference; lastKnownFileType = sourcecode.swift; path = AppDelegate.swift; sourceTree = "<group>"; };
		647B934B2383AF9500013CE9 /* SceneDelegate.swift */ = {isa = PBXFileReference; lastKnownFileType = sourcecode.swift; path = SceneDelegate.swift; sourceTree = "<group>"; };
		647B934D2383AF9500013CE9 /* ViewController.swift */ = {isa = PBXFileReference; lastKnownFileType = sourcecode.swift; path = ViewController.swift; sourceTree = "<group>"; };
		647B93502383AF9500013CE9 /* Base */ = {isa = PBXFileReference; lastKnownFileType = file.storyboard; name = Base; path = Base.lproj/Main.storyboard; sourceTree = "<group>"; };
		647B93522383AF9700013CE9 /* Assets.xcassets */ = {isa = PBXFileReference; lastKnownFileType = folder.assetcatalog; path = Assets.xcassets; sourceTree = "<group>"; };
		647B93552383AF9700013CE9 /* Base */ = {isa = PBXFileReference; lastKnownFileType = file.storyboard; name = Base; path = Base.lproj/LaunchScreen.storyboard; sourceTree = "<group>"; };
		647B93572383AF9700013CE9 /* Info.plist */ = {isa = PBXFileReference; lastKnownFileType = text.plist.xml; path = Info.plist; sourceTree = "<group>"; };
		647B935D2383C02D00013CE9 /* HistoricData.swift */ = {isa = PBXFileReference; lastKnownFileType = sourcecode.swift; path = HistoricData.swift; sourceTree = "<group>"; };
		647B935F2383C0BB00013CE9 /* EventViewController.swift */ = {isa = PBXFileReference; lastKnownFileType = sourcecode.swift; path = EventViewController.swift; sourceTree = "<group>"; };
		733F9B1DCAA8935CADC0C774 /* Pods-BackwardInTime.debug.xcconfig */ = {isa = PBXFileReference; includeInIndex = 1; lastKnownFileType = text.xcconfig; name = "Pods-BackwardInTime.debug.xcconfig"; path = "Target Support Files/Pods-BackwardInTime/Pods-BackwardInTime.debug.xcconfig"; sourceTree = "<group>"; };
		7DC28E18273025F4960A8E3E /* Pods_BackwardInTime.framework */ = {isa = PBXFileReference; explicitFileType = wrapper.framework; includeInIndex = 0; path = Pods_BackwardInTime.framework; sourceTree = BUILT_PRODUCTS_DIR; };
/* End PBXFileReference section */

/* Begin PBXFrameworksBuildPhase section */
		647B93432383AF9500013CE9 /* Frameworks */ = {
			isa = PBXFrameworksBuildPhase;
			buildActionMask = 2147483647;
			files = (
				A3DD4E15F118C53A7341F6B0 /* Pods_BackwardInTime.framework in Frameworks */,
			);
			runOnlyForDeploymentPostprocessing = 0;
		};
/* End PBXFrameworksBuildPhase section */

/* Begin PBXGroup section */
		1B3F5F5413E72598D3A0211C /* Frameworks */ = {
			isa = PBXGroup;
			children = (
				7DC28E18273025F4960A8E3E /* Pods_BackwardInTime.framework */,
			);
			name = Frameworks;
			sourceTree = "<group>";
		};
		647B933D2383AF9500013CE9 = {
			isa = PBXGroup;
			children = (
				647B93482383AF9500013CE9 /* BackwardInTime */,
				647B93472383AF9500013CE9 /* Products */,
				692FE108A1A3AAF5E88882F8 /* Pods */,
				1B3F5F5413E72598D3A0211C /* Frameworks */,
			);
			sourceTree = "<group>";
		};
		647B93472383AF9500013CE9 /* Products */ = {
			isa = PBXGroup;
			children = (
				647B93462383AF9500013CE9 /* BackwardInTime.app */,
			);
			name = Products;
			sourceTree = "<group>";
		};
		647B93482383AF9500013CE9 /* BackwardInTime */ = {
			isa = PBXGroup;
			children = (
				647B93492383AF9500013CE9 /* AppDelegate.swift */,
				647B934B2383AF9500013CE9 /* SceneDelegate.swift */,
				647B934D2383AF9500013CE9 /* ViewController.swift */,
				647B934F2383AF9500013CE9 /* Main.storyboard */,
				647B93522383AF9700013CE9 /* Assets.xcassets */,
				647B93542383AF9700013CE9 /* LaunchScreen.storyboard */,
				647B93572383AF9700013CE9 /* Info.plist */,
				647B935D2383C02D00013CE9 /* HistoricData.swift */,
				647B935F2383C0BB00013CE9 /* EventViewController.swift */,
			);
			path = BackwardInTime;
			sourceTree = "<group>";
		};
		692FE108A1A3AAF5E88882F8 /* Pods */ = {
			isa = PBXGroup;
			children = (
				733F9B1DCAA8935CADC0C774 /* Pods-BackwardInTime.debug.xcconfig */,
				09D5F16C5A149EB1285DCD8D /* Pods-BackwardInTime.release.xcconfig */,
			);
			path = Pods;
			sourceTree = "<group>";
		};
/* End PBXGroup section */

/* Begin PBXNativeTarget section */
		647B93452383AF9500013CE9 /* BackwardInTime */ = {
			isa = PBXNativeTarget;
			buildConfigurationList = 647B935A2383AF9700013CE9 /* Build configuration list for PBXNativeTarget "BackwardInTime" */;
			buildPhases = (
				486B03566568ED49879B6DBA /* [CP] Check Pods Manifest.lock */,
				647B93422383AF9500013CE9 /* Sources */,
				647B93432383AF9500013CE9 /* Frameworks */,
				647B93442383AF9500013CE9 /* Resources */,
				A2D21F6C1BB8EA98C3626B61 /* [CP] Embed Pods Frameworks */,
			);
			buildRules = (
			);
			dependencies = (
			);
			name = BackwardInTime;
			productName = BackwardInTime;
			productReference = 647B93462383AF9500013CE9 /* BackwardInTime.app */;
			productType = "com.apple.product-type.application";
		};
/* End PBXNativeTarget section */

/* Begin PBXProject section */
		647B933E2383AF9500013CE9 /* Project object */ = {
			isa = PBXProject;
			attributes = {
				LastSwiftUpdateCheck = 1120;
				LastUpgradeCheck = 1120;
				ORGANIZATIONNAME = "Curtis Bellamy";
				TargetAttributes = {
					647B93452383AF9500013CE9 = {
						CreatedOnToolsVersion = 11.2.1;
					};
				};
			};
			buildConfigurationList = 647B93412383AF9500013CE9 /* Build configuration list for PBXProject "BackwardInTime" */;
			compatibilityVersion = "Xcode 9.3";
			developmentRegion = en;
			hasScannedForEncodings = 0;
			knownRegions = (
				en,
				Base,
			);
			mainGroup = 647B933D2383AF9500013CE9;
			productRefGroup = 647B93472383AF9500013CE9 /* Products */;
			projectDirPath = "";
			projectRoot = "";
			targets = (
				647B93452383AF9500013CE9 /* BackwardInTime */,
			);
		};
/* End PBXProject section */

/* Begin PBXResourcesBuildPhase section */
		647B93442383AF9500013CE9 /* Resources */ = {
			isa = PBXResourcesBuildPhase;
			buildActionMask = 2147483647;
			files = (
				647B93562383AF9700013CE9 /* LaunchScreen.storyboard in Resources */,
				647B93532383AF9700013CE9 /* Assets.xcassets in Resources */,
				647B93512383AF9500013CE9 /* Main.storyboard in Resources */,
			);
			runOnlyForDeploymentPostprocessing = 0;
		};
/* End PBXResourcesBuildPhase section */

/* Begin PBXShellScriptBuildPhase section */
		486B03566568ED49879B6DBA /* [CP] Check Pods Manifest.lock */ = {
			isa = PBXShellScriptBuildPhase;
			buildActionMask = 2147483647;
			files = (
			);
			inputFileListPaths = (
			);
			inputPaths = (
				"${PODS_PODFILE_DIR_PATH}/Podfile.lock",
				"${PODS_ROOT}/Manifest.lock",
			);
			name = "[CP] Check Pods Manifest.lock";
			outputFileListPaths = (
			);
			outputPaths = (
				"$(DERIVED_FILE_DIR)/Pods-BackwardInTime-checkManifestLockResult.txt",
			);
			runOnlyForDeploymentPostprocessing = 0;
			shellPath = /bin/sh;
			shellScript = "diff \"${PODS_PODFILE_DIR_PATH}/Podfile.lock\" \"${PODS_ROOT}/Manifest.lock\" > /dev/null\nif [ $? != 0 ] ; then\n    # print error to STDERR\n    echo \"error: The sandbox is not in sync with the Podfile.lock. Run 'pod install' or update your CocoaPods installation.\" >&2\n    exit 1\nfi\n# This output is used by Xcode 'outputs' to avoid re-running this script phase.\necho \"SUCCESS\" > \"${SCRIPT_OUTPUT_FILE_0}\"\n";
			showEnvVarsInLog = 0;
		};
		A2D21F6C1BB8EA98C3626B61 /* [CP] Embed Pods Frameworks */ = {
			isa = PBXShellScriptBuildPhase;
			buildActionMask = 2147483647;
			files = (
			);
			inputFileListPaths = (
				"${PODS_ROOT}/Target Support Files/Pods-BackwardInTime/Pods-BackwardInTime-frameworks-${CONFIGURATION}-input-files.xcfilelist",
			);
			name = "[CP] Embed Pods Frameworks";
			outputFileListPaths = (
				"${PODS_ROOT}/Target Support Files/Pods-BackwardInTime/Pods-BackwardInTime-frameworks-${CONFIGURATION}-output-files.xcfilelist",
			);
			runOnlyForDeploymentPostprocessing = 0;
			shellPath = /bin/sh;
			shellScript = "\"${PODS_ROOT}/Target Support Files/Pods-BackwardInTime/Pods-BackwardInTime-frameworks.sh\"\n";
			showEnvVarsInLog = 0;
		};
/* End PBXShellScriptBuildPhase section */

/* Begin PBXSourcesBuildPhase section */
		647B93422383AF9500013CE9 /* Sources */ = {
			isa = PBXSourcesBuildPhase;
			buildActionMask = 2147483647;
			files = (
				647B93602383C0BB00013CE9 /* EventViewController.swift in Sources */,
				647B935E2383C02D00013CE9 /* HistoricData.swift in Sources */,
				647B934E2383AF9500013CE9 /* ViewController.swift in Sources */,
				647B934A2383AF9500013CE9 /* AppDelegate.swift in Sources */,
				647B934C2383AF9500013CE9 /* SceneDelegate.swift in Sources */,
			);
			runOnlyForDeploymentPostprocessing = 0;
		};
/* End PBXSourcesBuildPhase section */

/* Begin PBXVariantGroup section */
		647B934F2383AF9500013CE9 /* Main.storyboard */ = {
			isa = PBXVariantGroup;
			children = (
				647B93502383AF9500013CE9 /* Base */,
			);
			name = Main.storyboard;
			sourceTree = "<group>";
		};
		647B93542383AF9700013CE9 /* LaunchScreen.storyboard */ = {
			isa = PBXVariantGroup;
			children = (
				647B93552383AF9700013CE9 /* Base */,
			);
			name = LaunchScreen.storyboard;
			sourceTree = "<group>";
		};
/* End PBXVariantGroup section */

/* Begin XCBuildConfiguration section */
		647B93582383AF9700013CE9 /* Debug */ = {
			isa = XCBuildConfiguration;
			buildSettings = {
				ALWAYS_SEARCH_USER_PATHS = NO;
				CLANG_ANALYZER_NONNULL = YES;
				CLANG_ANALYZER_NUMBER_OBJECT_CONVERSION = YES_AGGRESSIVE;
				CLANG_CXX_LANGUAGE_STANDARD = "gnu++14";
				CLANG_CXX_LIBRARY = "libc++";
				CLANG_ENABLE_MODULES = YES;
				CLANG_ENABLE_OBJC_ARC = YES;
				CLANG_ENABLE_OBJC_WEAK = YES;
				CLANG_WARN_BLOCK_CAPTURE_AUTORELEASING = YES;
				CLANG_WARN_BOOL_CONVERSION = YES;
				CLANG_WARN_COMMA = YES;
				CLANG_WARN_CONSTANT_CONVERSION = YES;
				CLANG_WARN_DEPRECATED_OBJC_IMPLEMENTATIONS = YES;
				CLANG_WARN_DIRECT_OBJC_ISA_USAGE = YES_ERROR;
				CLANG_WARN_DOCUMENTATION_COMMENTS = YES;
				CLANG_WARN_EMPTY_BODY = YES;
				CLANG_WARN_ENUM_CONVERSION = YES;
				CLANG_WARN_INFINITE_RECURSION = YES;
				CLANG_WARN_INT_CONVERSION = YES;
				CLANG_WARN_NON_LITERAL_NULL_CONVERSION = YES;
				CLANG_WARN_OBJC_IMPLICIT_RETAIN_SELF = YES;
				CLANG_WARN_OBJC_LITERAL_CONVERSION = YES;
				CLANG_WARN_OBJC_ROOT_CLASS = YES_ERROR;
				CLANG_WARN_RANGE_LOOP_ANALYSIS = YES;
				CLANG_WARN_STRICT_PROTOTYPES = YES;
				CLANG_WARN_SUSPICIOUS_MOVE = YES;
				CLANG_WARN_UNGUARDED_AVAILABILITY = YES_AGGRESSIVE;
				CLANG_WARN_UNREACHABLE_CODE = YES;
				CLANG_WARN__DUPLICATE_METHOD_MATCH = YES;
				COPY_PHASE_STRIP = NO;
				DEBUG_INFORMATION_FORMAT = dwarf;
				ENABLE_STRICT_OBJC_MSGSEND = YES;
				ENABLE_TESTABILITY = YES;
				GCC_C_LANGUAGE_STANDARD = gnu11;
				GCC_DYNAMIC_NO_PIC = NO;
				GCC_NO_COMMON_BLOCKS = YES;
				GCC_OPTIMIZATION_LEVEL = 0;
				GCC_PREPROCESSOR_DEFINITIONS = (
					"DEBUG=1",
					"$(inherited)",
				);
				GCC_WARN_64_TO_32_BIT_CONVERSION = YES;
				GCC_WARN_ABOUT_RETURN_TYPE = YES_ERROR;
				GCC_WARN_UNDECLARED_SELECTOR = YES;
				GCC_WARN_UNINITIALIZED_AUTOS = YES_AGGRESSIVE;
				GCC_WARN_UNUSED_FUNCTION = YES;
				GCC_WARN_UNUSED_VARIABLE = YES;
				IPHONEOS_DEPLOYMENT_TARGET = 13.2;
				MTL_ENABLE_DEBUG_INFO = INCLUDE_SOURCE;
				MTL_FAST_MATH = YES;
				ONLY_ACTIVE_ARCH = YES;
				SDKROOT = iphoneos;
				SWIFT_ACTIVE_COMPILATION_CONDITIONS = DEBUG;
				SWIFT_OPTIMIZATION_LEVEL = "-Onone";
			};
			name = Debug;
		};
		647B93592383AF9700013CE9 /* Release */ = {
			isa = XCBuildConfiguration;
			buildSettings = {
				ALWAYS_SEARCH_USER_PATHS = NO;
				CLANG_ANALYZER_NONNULL = YES;
				CLANG_ANALYZER_NUMBER_OBJECT_CONVERSION = YES_AGGRESSIVE;
				CLANG_CXX_LANGUAGE_STANDARD = "gnu++14";
				CLANG_CXX_LIBRARY = "libc++";
				CLANG_ENABLE_MODULES = YES;
				CLANG_ENABLE_OBJC_ARC = YES;
				CLANG_ENABLE_OBJC_WEAK = YES;
				CLANG_WARN_BLOCK_CAPTURE_AUTORELEASING = YES;
				CLANG_WARN_BOOL_CONVERSION = YES;
				CLANG_WARN_COMMA = YES;
				CLANG_WARN_CONSTANT_CONVERSION = YES;
				CLANG_WARN_DEPRECATED_OBJC_IMPLEMENTATIONS = YES;
				CLANG_WARN_DIRECT_OBJC_ISA_USAGE = YES_ERROR;
				CLANG_WARN_DOCUMENTATION_COMMENTS = YES;
				CLANG_WARN_EMPTY_BODY = YES;
				CLANG_WARN_ENUM_CONVERSION = YES;
				CLANG_WARN_INFINITE_RECURSION = YES;
				CLANG_WARN_INT_CONVERSION = YES;
				CLANG_WARN_NON_LITERAL_NULL_CONVERSION = YES;
				CLANG_WARN_OBJC_IMPLICIT_RETAIN_SELF = YES;
				CLANG_WARN_OBJC_LITERAL_CONVERSION = YES;
				CLANG_WARN_OBJC_ROOT_CLASS = YES_ERROR;
				CLANG_WARN_RANGE_LOOP_ANALYSIS = YES;
				CLANG_WARN_STRICT_PROTOTYPES = YES;
				CLANG_WARN_SUSPICIOUS_MOVE = YES;
				CLANG_WARN_UNGUARDED_AVAILABILITY = YES_AGGRESSIVE;
				CLANG_WARN_UNREACHABLE_CODE = YES;
				CLANG_WARN__DUPLICATE_METHOD_MATCH = YES;
				COPY_PHASE_STRIP = NO;
				DEBUG_INFORMATION_FORMAT = "dwarf-with-dsym";
				ENABLE_NS_ASSERTIONS = NO;
				ENABLE_STRICT_OBJC_MSGSEND = YES;
				GCC_C_LANGUAGE_STANDARD = gnu11;
				GCC_NO_COMMON_BLOCKS = YES;
				GCC_WARN_64_TO_32_BIT_CONVERSION = YES;
				GCC_WARN_ABOUT_RETURN_TYPE = YES_ERROR;
				GCC_WARN_UNDECLARED_SELECTOR = YES;
				GCC_WARN_UNINITIALIZED_AUTOS = YES_AGGRESSIVE;
				GCC_WARN_UNUSED_FUNCTION = YES;
				GCC_WARN_UNUSED_VARIABLE = YES;
				IPHONEOS_DEPLOYMENT_TARGET = 13.2;
				MTL_ENABLE_DEBUG_INFO = NO;
				MTL_FAST_MATH = YES;
				SDKROOT = iphoneos;
				SWIFT_COMPILATION_MODE = wholemodule;
				SWIFT_OPTIMIZATION_LEVEL = "-O";
				VALIDATE_PRODUCT = YES;
			};
			name = Release;
		};
		647B935B2383AF9700013CE9 /* Debug */ = {
			isa = XCBuildConfiguration;
			baseConfigurationReference = 733F9B1DCAA8935CADC0C774 /* Pods-BackwardInTime.debug.xcconfig */;
			buildSettings = {
				ASSETCATALOG_COMPILER_APPICON_NAME = AppIcon;
				CODE_SIGN_STYLE = Automatic;
				DEVELOPMENT_TEAM = C3KKM8346V;
				INFOPLIST_FILE = BackwardInTime/Info.plist;
				LD_RUNPATH_SEARCH_PATHS = (
					"$(inherited)",
					"@executable_path/Frameworks",
				);
				PRODUCT_BUNDLE_IDENTIFIER = ca.bcit.comp4977.BackwardInTime;
				PRODUCT_NAME = "$(TARGET_NAME)";
				SWIFT_VERSION = 5.0;
				TARGETED_DEVICE_FAMILY = "1,2";
			};
			name = Debug;
		};
		647B935C2383AF9700013CE9 /* Release */ = {
			isa = XCBuildConfiguration;
			baseConfigurationReference = 09D5F16C5A149EB1285DCD8D /* Pods-BackwardInTime.release.xcconfig */;
			buildSettings = {
				ASSETCATALOG_COMPILER_APPICON_NAME = AppIcon;
				CODE_SIGN_STYLE = Automatic;
				DEVELOPMENT_TEAM = C3KKM8346V;
				INFOPLIST_FILE = BackwardInTime/Info.plist;
				LD_RUNPATH_SEARCH_PATHS = (
					"$(inherited)",
					"@executable_path/Frameworks",
				);
				PRODUCT_BUNDLE_IDENTIFIER = ca.bcit.comp4977.BackwardInTime;
				PRODUCT_NAME = "$(TARGET_NAME)";
				SWIFT_VERSION = 5.0;
				TARGETED_DEVICE_FAMILY = "1,2";
			};
			name = Release;
		};
/* End XCBuildConfiguration section */

/* Begin XCConfigurationList section */
		647B93412383AF9500013CE9 /* Build configuration list for PBXProject "BackwardInTime" */ = {
			isa = XCConfigurationList;
			buildConfigurations = (
				647B93582383AF9700013CE9 /* Debug */,
				647B93592383AF9700013CE9 /* Release */,
			);
			defaultConfigurationIsVisible = 0;
			defaultConfigurationName = Release;
		};
		647B935A2383AF9700013CE9 /* Build configuration list for PBXNativeTarget "BackwardInTime" */ = {
			isa = XCConfigurationList;
			buildConfigurations = (
				647B935B2383AF9700013CE9 /* Debug */,
				647B935C2383AF9700013CE9 /* Release */,
			);
			defaultConfigurationIsVisible = 0;
			defaultConfigurationName = Release;
		};
/* End XCConfigurationList section */
	};
	rootObject = 647B933E2383AF9500013CE9 /* Project object */;
}
